
Microsoft Visual Studio Solution File, Format Version 12.00
# Visual Studio Version 16
VisualStudioVersion = 16.0.31702.278
MinimumVisualStudioVersion = 10.0.40219.1
Project("{FAE04EC0-301F-11D3-BF4B-00C04F79EFBC}") = "SCSharp", "SCSharp.csproj", "{9D64B7CE-59CC-4662-BF97-89DC03C3697C}"
	ProjectSection(ProjectDependencies) = postProject
		{A723BC2F-13F1-4055-BBED-48DE99D6259B} = {A723BC2F-13F1-4055-BBED-48DE99D6259B}
		{74F6BCDE-F12B-4699-9E68-9E36621E35CE} = {74F6BCDE-F12B-4699-9E68-9E36621E35CE}
		{705B65E8-C871-4A6B-B42E-D6D538CEA13D} = {705B65E8-C871-4A6B-B42E-D6D538CEA13D}
	EndProjectSection
EndProject
Project("{FAE04EC0-301F-11D3-BF4B-00C04F79EFBC}") = "SCSharp.Smk.dll", "SCSharp\SCSharp.Smk.dll.csproj", "{74F6BCDE-F12B-4699-9E68-9E36621E35CE}"
EndProject
Project("{FAE04EC0-301F-11D3-BF4B-00C04F79EFBC}") = "SCSharp.UI.dll", "SCSharp\SCSharp.UI.dll.csproj", "{705B65E8-C871-4A6B-B42E-D6D538CEA13D}"
EndProject
Project("{FAE04EC0-301F-11D3-BF4B-00C04F79EFBC}") = "SCSharp.Core.dll", "SCSharp\SCSharp.Core.dll.csproj", "{A723BC2F-13F1-4055-BBED-48DE99D6259B}"
EndProject
Global
	GlobalSection(SolutionConfigurationPlatforms) = preSolution
		Debug|Any CPU = Debug|Any CPU
		Release|Any CPU = Release|Any CPU
	EndGlobalSection
	GlobalSection(ProjectConfigurationPlatforms) = postSolution
		{9D64B7CE-59CC-4662-BF97-89DC03C3697C}.Debug|Any CPU.ActiveCfg = Debug|Any CPU
		{9D64B7CE-59CC-4662-BF97-89DC03C3697C}.Debug|Any CPU.Build.0 = Debug|Any CPU
		{9D64B7CE-59CC-4662-BF97-89DC03C3697C}.Release|Any CPU.ActiveCfg = Release|Any CPU
		{9D64B7CE-59CC-4662-BF97-89DC03C3697C}.Release|Any CPU.Build.0 = Release|Any CPU
		{74F6BCDE-F12B-4699-9E68-9E36621E35CE}.Debug|Any CPU.ActiveCfg = Debug|Any CPU
		{74F6BCDE-F12B-4699-9E68-9E36621E35CE}.Debug|Any CPU.Build.0 = Debug|Any CPU
		{74F6BCDE-F12B-4699-9E68-9E36621E35CE}.Release|Any CPU.ActiveCfg = Release|Any CPU
		{74F6BCDE-F12B-4699-9E68-9E36621E35CE}.Release|Any CPU.Build.0 = Release|Any CPU
		{705B65E8-C871-4A6B-B42E-D6D538CEA13D}.Debug|Any CPU.ActiveCfg = Debug|Any CPU
		{705B65E8-C871-4A6B-B42E-D6D538CEA13D}.Debug|Any CPU.Build.0 = Debug|Any CPU
		{705B65E8-C871-4A6B-B42E-D6D538CEA13D}.Release|Any CPU.ActiveCfg = Release|Any CPU
		{705B65E8-C871-4A6B-B42E-D6D538CEA13D}.Release|Any CPU.Build.0 = Release|Any CPU
		{A723BC2F-13F1-4055-BBED-48DE99D6259B}.Debug|Any CPU.ActiveCfg = Debug|Any CPU
		{A723BC2F-13F1-4055-BBED-48DE99D6259B}.Debug|Any CPU.Build.0 = Debug|Any CPU
		{A723BC2F-13F1-4055-BBED-48DE99D6259B}.Release|Any CPU.ActiveCfg = Release|Any CPU
		{A723BC2F-13F1-4055-BBED-48DE99D6259B}.Release|Any CPU.Build.0 = Release|Any CPU
	EndGlobalSection
	GlobalSection(SolutionProperties) = preSolution
		HideSolutionNode = FALSE
	EndGlobalSection
	GlobalSection(ExtensibilityGlobals) = postSolution
		SolutionGuid = {C4F358F3-E656-464A-93D6-9A8AD689CA81}
	EndGlobalSection
	GlobalSection(MonoDevelopProperties) = preSolution
		StartupItem = SCSharp.csproj
	EndGlobalSection
EndGlobal
