Microsoft Visual Studio Solution File, Format Version 8.00
Project("{8BC9CEB8-8B4A-11D0-8D11-00A0C91BC942}") = "StormLib", "StormLib.vcproj", "{A86141D8-F372-4104-BA30-4814D45840DE}"
	ProjectSection(ProjectDependencies) = postProject
	EndProjectSection
EndProject
Project("{8BC9CEB8-8B4A-11D0-8D11-00A0C91BC942}") = "Test", "Test.vcproj", "{A22DEC27-4BA6-479F-AF9C-0229ACFD7E3A}"
	ProjectSection(ProjectDependencies) = postProject
	EndProjectSection
EndProject
Global
	GlobalSection(SolutionConfiguration) = preSolution
		Debug Ansi Dynamic = Debug Ansi Dynamic
		Debug Ansi Static = Debug Ansi Static
		Release Ansi Dynamic = Release Ansi Dynamic
		Release Ansi Static = Release Ansi Static
	EndGlobalSection
	GlobalSection(ProjectConfiguration) = postSolution
		{A86141D8-F372-4104-BA30-4814D45840DE}.Debug Ansi Dynamic.ActiveCfg = Debug Ansi Dynamic|Win32
		{A86141D8-F372-4104-BA30-4814D45840DE}.Debug Ansi Dynamic.Build.0 = Debug Ansi Dynamic|Win32
		{A86141D8-F372-4104-BA30-4814D45840DE}.Debug Ansi Static.ActiveCfg = Debug Ansi Static|Win32
		{A86141D8-F372-4104-BA30-4814D45840DE}.Debug Ansi Static.Build.0 = Debug Ansi Static|Win32
		{A86141D8-F372-4104-BA30-4814D45840DE}.Release Ansi Dynamic.ActiveCfg = Release Ansi Dynamic|Win32
		{A86141D8-F372-4104-BA30-4814D45840DE}.Release Ansi Dynamic.Build.0 = Release Ansi Dynamic|Win32
		{A86141D8-F372-4104-BA30-4814D45840DE}.Release Ansi Static.ActiveCfg = Release Ansi Static|Win32
		{A86141D8-F372-4104-BA30-4814D45840DE}.Release Ansi Static.Build.0 = Release Ansi Static|Win32
		{A22DEC27-4BA6-479F-AF9C-0229ACFD7E3A}.Debug Ansi Dynamic.ActiveCfg = Debug Ansi Static|Win32
		{A22DEC27-4BA6-479F-AF9C-0229ACFD7E3A}.Debug Ansi Dynamic.Build.0 = Debug Ansi Static|Win32
		{A22DEC27-4BA6-479F-AF9C-0229ACFD7E3A}.Debug Ansi Static.ActiveCfg = Debug Ansi Static|Win32
		{A22DEC27-4BA6-479F-AF9C-0229ACFD7E3A}.Debug Ansi Static.Build.0 = Debug Ansi Static|Win32
		{A22DEC27-4BA6-479F-AF9C-0229ACFD7E3A}.Release Ansi Dynamic.ActiveCfg = Release Ansi Static|Win32
		{A22DEC27-4BA6-479F-AF9C-0229ACFD7E3A}.Release Ansi Dynamic.Build.0 = Release Ansi Static|Win32
		{A22DEC27-4BA6-479F-AF9C-0229ACFD7E3A}.Release Ansi Static.ActiveCfg = Release Ansi Static|Win32
		{A22DEC27-4BA6-479F-AF9C-0229ACFD7E3A}.Release Ansi Static.Build.0 = Release Ansi Static|Win32
	EndGlobalSection
	GlobalSection(ExtensibilityGlobals) = postSolution
	EndGlobalSection
	GlobalSection(ExtensibilityAddIns) = postSolution
	EndGlobalSection
EndGlobal
